Microsoft Visual Studio Solution File, Format Version 12.00
# Visual Studio Version 16
VisualStudioVersion = 16.0.0.0
MinimumVisualStudioVersion = 16.0.0.0
Project("{9A19103F-16F7-4668-BE54-9A1E7A4F7556}") = "EnumApp", "EnumApp\EnumApp.csproj", "{452CB440-9E85-4BED-9E3D-85ED5E9E907D}"
EndProject
Project("{9A19103F-16F7-4668-BE54-9A1E7A4F7556}") = "EnumApp.Client", "EnumApp.Client\EnumApp.Client.csproj", "{D0E2C076-0EDA-4768-95B2-FD879CBDD677}"
EndProject
Global
	GlobalSection(SolutionConfigurationPlatforms) = preSolution
		Debug|Any CPU = Debug|Any CPU
		Debug|x64 = Debug|x64
		Debug|x86 = Debug|x86
		Release|Any CPU = Release|Any CPU
		Release|x64 = Release|x64
		Release|x86 = Release|x86
	EndGlobalSection
	GlobalSection(ProjectConfigurationPlatforms) = postSolution
		{D0E2C076-0EDA-4768-95B2-FD879CBDD677}.Debug|Any CPU.ActiveCfg = Debug|Any CPU
		{D0E2C076-0EDA-4768-95B2-FD879CBDD677}.Debug|Any CPU.Build.0 = Debug|Any CPU
		{D0E2C076-0EDA-4768-95B2-FD879CBDD677}.Debug|x64.ActiveCfg = Debug|Any CPU
		{D0E2C076-0EDA-4768-95B2-FD879CBDD677}.Debug|x64.Build.0 = Debug|Any CPU
		{D0E2C076-0EDA-4768-95B2-FD879CBDD677}.Debug|x86.ActiveCfg = Debug|Any CPU
		{D0E2C076-0EDA-4768-95B2-FD879CBDD677}.Debug|x86.Build.0 = Debug|Any CPU
		{D0E2C076-0EDA-4768-95B2-FD879CBDD677}.Release|Any CPU.ActiveCfg = Release|Any CPU
		{D0E2C076-0EDA-4768-95B2-FD879CBDD677}.Release|Any CPU.Build.0 = Release|Any CPU
		{D0E2C076-0EDA-4768-95B2-FD879CBDD677}.Release|x64.ActiveCfg = Release|Any CPU
		{D0E2C076-0EDA-4768-95B2-FD879CBDD677}.Release|x64.Build.0 = Release|Any CPU
		{D0E2C076-0EDA-4768-95B2-FD879CBDD677}.Release|x86.ActiveCfg = Release|Any CPU
		{D0E2C076-0EDA-4768-95B2-FD879CBDD677}.Release|x86.Build.0 = Release|Any CPU
		{452CB440-9E85-4BED-9E3D-85ED5E9E907D}.Debug|Any CPU.ActiveCfg = Debug|Any CPU
		{452CB440-9E85-4BED-9E3D-85ED5E9E907D}.Debug|Any CPU.Build.0 = Debug|Any CPU
		{452CB440-9E85-4BED-9E3D-85ED5E9E907D}.Debug|x64.ActiveCfg = Debug|Any CPU
		{452CB440-9E85-4BED-9E3D-85ED5E9E907D}.Debug|x64.Build.0 = Debug|Any CPU
		{452CB440-9E85-4BED-9E3D-85ED5E9E907D}.Debug|x86.ActiveCfg = Debug|Any CPU
		{452CB440-9E85-4BED-9E3D-85ED5E9E907D}.Debug|x86.Build.0 = Debug|Any CPU
		{452CB440-9E85-4BED-9E3D-85ED5E9E907D}.Release|Any CPU.ActiveCfg = Release|Any CPU
		{452CB440-9E85-4BED-9E3D-85ED5E9E907D}.Release|Any CPU.Build.0 = Release|Any CPU
		{452CB440-9E85-4BED-9E3D-85ED5E9E907D}.Release|x64.ActiveCfg = Release|Any CPU
		{452CB440-9E85-4BED-9E3D-85ED5E9E907D}.Release|x64.Build.0 = Release|Any CPU
		{452CB440-9E85-4BED-9E3D-85ED5E9E907D}.Release|x86.ActiveCfg = Release|Any CPU
		{452CB440-9E85-4BED-9E3D-85ED5E9E907D}.Release|x86.Build.0 = Release|Any CPU
	EndGlobalSection
	GlobalSection(SolutionProperties) = preSolution
		HideSolutionNode = FALSE
	EndGlobalSection
	GlobalSection(ExtensibilityGlobals) = postSolution
		SolutionGuid = {D0A2A0F2-9507-421D-B00B-570C318003CF}
	EndGlobalSection
EndGlobal
